
Microsoft Visual Studio Solution File, Format Version 12.00
# Visual Studio Version 17
VisualStudioVersion = 17.14.36705.20 d17.14
MinimumVisualStudioVersion = 10.0.40219.1
Project("{FAE04EC0-301F-11D3-BF4B-00C04F79EFBC}") = "Crimsonland", "Crimsonland.csproj", "{BE20A805-EF10-41CF-BFED-5312D9A44CCC}"
EndProject
Global
	GlobalSection(SolutionConfigurationPlatforms) = preSolution
		Debug|Any CPU = Debug|Any CPU
		Release|Any CPU = Release|Any CPU
	EndGlobalSection
	GlobalSection(ProjectConfigurationPlatforms) = postSolution
		{BE20A805-EF10-41CF-BFED-5312D9A44CCC}.Debug|Any CPU.ActiveCfg = Debug|Any CPU
		{BE20A805-EF10-41CF-BFED-5312D9A44CCC}.Debug|Any CPU.Build.0 = Debug|Any CPU
		{BE20A805-EF10-41CF-BFED-5312D9A44CCC}.Release|Any CPU.ActiveCfg = Release|Any CPU
		{BE20A805-EF10-41CF-BFED-5312D9A44CCC}.Release|Any CPU.Build.0 = Release|Any CPU
	EndGlobalSection
	GlobalSection(SolutionProperties) = preSolution
		HideSolutionNode = FALSE
	EndGlobalSection
	GlobalSection(ExtensibilityGlobals) = postSolution
		SolutionGuid = {CC6A7780-073D-4536-8D4C-A88892690405}
	EndGlobalSection
EndGlobal
